<Solution>
  <Folder Name="/Microservices/">
    <File Path="Microservices/.env" />
    <File Path="Microservices/docker-compose.yml" />
    <Project Path="Microservices/Shared/Shared.csproj" />
  </Folder>
  <Folder Name="/Microservices/Catalog/">
    <Project Path="Microservices/Catalog/Catalog.Api/Catalog.Api.csproj" />
    <Project Path="Microservices/Catalog/Catalog.Application/Catalog.Application.csproj" />
    <Project Path="Microservices/Catalog/Catalog.Domain/Catalog.Domain.csproj" />
    <Project Path="Microservices/Catalog/Catalog.Infrastructure/Catalog.Infrastructure.csproj" />
  </Folder>
  <Folder Name="/src/">
    <Project Path="src/frontend/frontend.esproj">
      <Build />
      <Deploy />
    </Project>
    <Project Path="src/Host/Host.csproj" />
    <Project Path="src/Shared/Shared.csproj" />
  </Folder>
  <Folder Name="/src/Modules/" />
  <Folder Name="/src/Modules/Basket/">
    <Project Path="src/Modules/Basket/Modules.Basket.Api/Modules.Basket.Api.csproj" />
    <Project Path="src/Modules/Basket/Modules.Basket.Application/Modules.Basket.Application.csproj" />
    <Project Path="src/Modules/Basket/Modules.Basket.Domain/Modules.Basket.Domain.csproj" />
    <Project Path="src/Modules/Basket/Modules.Basket.Infrastructure/Modules.Basket.Infrastructure.csproj" />
  </Folder>
  <Folder Name="/src/Modules/Catalog/">
    <Project Path="src/Modules/Catalog/Modules.Catalog.Api/Modules.Catalog.Api.csproj" />
    <Project Path="src/Modules/Catalog/Modules.Catalog.Application/Modules.Catalog.Application.csproj" />
    <Project Path="src/Modules/Catalog/Modules.Catalog.Domain/Modules.Catalog.Domain.csproj" />
    <Project Path="src/Modules/Catalog/Modules.Catalog.Infrastructure/Modules.Catalog.Infrastructure.csproj" />
  </Folder>
  <Folder Name="/src/Modules/Identity/">
    <Project Path="src/Modules/Identity/Modules.Identity.Api/Modules.Identity.Api.csproj" />
    <Project Path="src/Modules/Identity/Modules.Identity.Application/Modules.Identity.Application.csproj" />
    <Project Path="src/Modules/Identity/Modules.Identity.Domain/Modules.Identity.Domain.csproj" />
    <Project Path="src/Modules/Identity/Modules.Identity.Infrastructure/Modules.Identity.Infrastructure.csproj" />
  </Folder>
  <Folder Name="/src/Modules/Ordering/">
    <Project Path="src/Modules/Ordering/Modules.Ordering.Api/Modules.Ordering.Api.csproj" />
    <Project Path="src/Modules/Ordering/Modules.Ordering.Application/Modules.Ordering.Application.csproj" />
    <Project Path="src/Modules/Ordering/Modules.Ordering.Domain/Modules.Ordering.Domain.csproj" />
    <Project Path="src/Modules/Ordering/Modules.Ordering.Infrastructure/Modules.Ordering.Infrastructure.csproj" />
  </Folder>
  <Folder Name="/Элементы решения/">
    <File Path=".env" />
    <File Path=".env.example" />
  </Folder>
  <Project Path="docker-compose.dcproj">
    <Build />
  </Project>
</Solution>
